# THIS IS AN AUTOGENERATED FILE. DO NOT EDIT THIS FILE DIRECTLY.
# yarn lockfile v1


clusters@^0.0.4:
  version "0.0.4"
  resolved "https://registry.yarnpkg.com/clusters/-/clusters-0.0.4.tgz#f6d603139788b1443415fee42fe1d4ececea8379"

kmeans-js@^0.1.2:
  version "0.1.2"
  resolved "https://registry.yarnpkg.com/kmeans-js/-/kmeans-js-0.1.2.tgz#5213df53d1fdfd6f9a3acced7081b15fe0d90498"
